
Microsoft Visual Studio Solution File, Format Version 12.00
# Visual Studio Version 16
VisualStudioVersion = 16.0.35229.62
MinimumVisualStudioVersion = 10.0.40219.1
Project("{FAE04EC0-301F-11D3-BF4B-00C04F79EFBC}") = "WebsiteBanQuanAo", "WebsiteBanQuanAo\WebsiteBanQuanAo.csproj", "{796196CF-D735-438A-9C37-6CB1B6D6316A}"
EndProject
Global
	GlobalSection(SolutionConfigurationPlatforms) = preSolution
		Debug|Any CPU = Debug|Any CPU
		Release|Any CPU = Release|Any CPU
	EndGlobalSection
	GlobalSection(ProjectConfigurationPlatforms) = postSolution
		{796196CF-D735-438A-9C37-6CB1B6D6316A}.Debug|Any CPU.ActiveCfg = Debug|Any CPU
		{796196CF-D735-438A-9C37-6CB1B6D6316A}.Debug|Any CPU.Build.0 = Debug|Any CPU
		{796196CF-D735-438A-9C37-6CB1B6D6316A}.Release|Any CPU.ActiveCfg = Release|Any CPU
		{796196CF-D735-438A-9C37-6CB1B6D6316A}.Release|Any CPU.Build.0 = Release|Any CPU
	EndGlobalSection
	GlobalSection(SolutionProperties) = preSolution
		HideSolutionNode = FALSE
	EndGlobalSection
	GlobalSection(ExtensibilityGlobals) = postSolution
		SolutionGuid = {E40E0735-8D11-401B-84B4-FEE79A0A3A01}
	EndGlobalSection
EndGlobal
